pid=26802 host=Noutbuk-Dmitrij.local run=5b27dfde9c01
pid=27200 host=Noutbuk-Dmitrij.local run=ab8349044de9
pid=27689 host=Noutbuk-Dmitrij.local run=c96c65318970
pid=47497 host=Noutbuk-Dmitrij.local run=8964050bd178
pid=47748 host=Noutbuk-Dmitrij.local run=43143a1e544e
pid=58194 host=Noutbuk-Dmitrij.local run=36d4f92963a7
pid=58747 host=Noutbuk-Dmitrij.local run=c0cb93b2f980
pid=58832 host=Noutbuk-Dmitrij.local run=67b031f7188f
pid=60816 host=Noutbuk-Dmitrij.local run=efdefc895333
pid=61044 host=Noutbuk-Dmitrij.local run=6cadba5cdf9c
pid=64665 host=Noutbuk-Dmitrij.local run=84c0d5ded6eb
pid=65050 host=Noutbuk-Dmitrij.local run=a7e1036d44e5
pid=66421 host=Noutbuk-Dmitrij.local run=8e58c4c8223d
pid=72117 host=Noutbuk-Dmitrij.local run=0dd874129372
pid=79266 host=Noutbuk-Dmitrij.local run=6e6f3e649f71
pid=82665 host=Noutbuk-Dmitrij.local run=b806681ea2b8
pid=86508 host=Noutbuk-Dmitrij.local run=d72e140c6f6b
pid=89907 host=Noutbuk-Dmitrij.local run=a3d625e9dfb8
pid=93823 host=Noutbuk-Dmitrij.local run=be8c6327a89e
pid=94249 host=Noutbuk-Dmitrij.local run=59cfb66e2c0b
pid=94914 host=Noutbuk-Dmitrij.local run=8de62e0409a3
pid=96687 host=Noutbuk-Dmitrij.local run=c7046faf4500
pid=97306 host=Noutbuk-Dmitrij.local run=59c775b393b2
pid=813 host=Noutbuk-Dmitrij.local run=8f1b42e14b1d
pid=4617 host=Noutbuk-Dmitrij.local run=bd5d2caf5838
pid=22151 host=Noutbuk-Dmitrij.local run=11f31248475f
pid=22799 host=Noutbuk-Dmitrij.local run=86f6d3db4fe3
pid=22975 host=Noutbuk-Dmitrij.local run=9c99a320fdc0
pid=23016 host=Noutbuk-Dmitrij.local run=038b445bf893
pid=42038 host=Noutbuk-Dmitrij.local run=ad33c2ab63ad
pid=42143 host=Noutbuk-Dmitrij.local run=3b7355c75a03
pid=42590 host=Noutbuk-Dmitrij.local run=fc7bb65a423e
pid=42846 host=Noutbuk-Dmitrij.local run=704008ed6433
pid=43865 host=Noutbuk-Dmitrij.local run=15979c77beef
pid=44265 host=Noutbuk-Dmitrij.local run=33fd89f23095
pid=44638 host=Noutbuk-Dmitrij.local run=9d1067dfbae2
pid=45468 host=Noutbuk-Dmitrij.local run=a49df5ae2a08
pid=46090 host=Noutbuk-Dmitrij.local run=c3f69565e52f
pid=46427 host=Noutbuk-Dmitrij.local run=e637f9ac8ea2
pid=46917 host=Noutbuk-Dmitrij.local run=dd11b19cda8f
pid=48126 host=Noutbuk-Dmitrij.local run=bf75acf1cd10
pid=48586 host=Noutbuk-Dmitrij.local run=824dc32bf7f4
pid=49298 host=Noutbuk-Dmitrij.local run=5d52b0656cd2
pid=49466 host=Noutbuk-Dmitrij.local run=8cf82bcc1d11
pid=53310 host=Noutbuk-Dmitrij.local run=eb7ae5d600fb
pid=53808 host=Noutbuk-Dmitrij.local run=653dbb39e06d
pid=54084 host=Noutbuk-Dmitrij.local run=28a9833a3a89
pid=54531 host=Noutbuk-Dmitrij.local run=f8ae46f6d43e
pid=54641 host=Noutbuk-Dmitrij.local run=e31911bc1769
pid=54700 host=Noutbuk-Dmitrij.local run=8f3f64c8dbcb
pid=55119 host=Noutbuk-Dmitrij.local run=332bce6b6481
pid=55413 host=Noutbuk-Dmitrij.local run=9505f78bb584
pid=55543 host=Noutbuk-Dmitrij.local run=f0fb499d7c2e
pid=56417 host=Noutbuk-Dmitrij.local run=83a84361202e
pid=56477 host=Noutbuk-Dmitrij.local run=0d2e30f5d003
pid=56541 host=Noutbuk-Dmitrij.local run=e4a075d7c0e7
pid=56608 host=Noutbuk-Dmitrij.local run=a3aa0140b5fc
pid=58052 host=Noutbuk-Dmitrij.local run=e28e89bf94ef
pid=58224 host=Noutbuk-Dmitrij.local run=7d5f9f0d8cb3
pid=58494 host=Noutbuk-Dmitrij.local run=0682f44949ca
pid=65398 host=Noutbuk-Dmitrij.local run=05d377e9630c
pid=70440 host=Noutbuk-Dmitrij.local run=580062e89812
pid=73095 host=Noutbuk-Dmitrij.local run=3c683b0c1713
pid=73434 host=Noutbuk-Dmitrij.local run=15dc4aa2c4b9
pid=97493 host=Noutbuk-Dmitrij.local run=47d76a622146
pid=99538 host=Noutbuk-Dmitrij.local run=729a38adc457
pid=42829 host=Noutbuk-Dmitrij.local run=b1e7215d3739
pid=43506 host=Noutbuk-Dmitrij.local run=b5017cfdde5b
pid=43835 host=Noutbuk-Dmitrij.local run=fb12c67be3dd
pid=44222 host=Noutbuk-Dmitrij.local run=9c9cc96753c4
pid=44573 host=Noutbuk-Dmitrij.local run=dbbb2c8f9d8d
pid=45647 host=Noutbuk-Dmitrij.local run=cb4353651e8a
pid=47488 host=Noutbuk-Dmitrij.local run=512ef12ecd03
pid=48018 host=Noutbuk-Dmitrij.local run=f600d33d85ed
pid=48581 host=Noutbuk-Dmitrij.local run=64fa9b99f245
pid=49199 host=Noutbuk-Dmitrij.local run=9fa161e4a811
pid=49548 host=Noutbuk-Dmitrij.local run=28327df76ff2
pid=49885 host=Noutbuk-Dmitrij.local run=1fc17ac69e8d
pid=50524 host=Noutbuk-Dmitrij.local run=57b2da938bc4
pid=51284 host=Noutbuk-Dmitrij.local run=53cff2921b03
pid=52314 host=Noutbuk-Dmitrij.local run=c553b3a0d402
pid=53254 host=Noutbuk-Dmitrij.local run=986bf1ba6583
pid=53748 host=Noutbuk-Dmitrij.local run=c7228e0dbe7c
pid=54853 host=Noutbuk-Dmitrij.local run=e13bcf73a7be
pid=55454 host=Noutbuk-Dmitrij.local run=a77c776648a2
pid=57512 host=Noutbuk-Dmitrij.local run=5c6c3b3ea733
pid=73669 host=Noutbuk-Dmitrij.local run=246e88c9ad6c
pid=74023 host=Noutbuk-Dmitrij.local run=208a61ee65df
pid=74384 host=Noutbuk-Dmitrij.local run=c7d512c0e046
pid=74945 host=Noutbuk-Dmitrij.local run=59226ed2bc09
pid=80854 host=Noutbuk-Dmitrij.local run=ffcb5ec69be4
pid=81264 host=Noutbuk-Dmitrij.local run=faa407744860
pid=19688 host=Noutbuk-Dmitrij.local run=4b958fc0bd8e
pid=20010 host=Noutbuk-Dmitrij.local run=06fdf5b1cabf
pid=20370 host=Noutbuk-Dmitrij.local run=657ee0c491a9
pid=20673 host=Noutbuk-Dmitrij.local run=95b8fcfac8f0
pid=20987 host=Noutbuk-Dmitrij.local run=5ebfcdfec7fd
pid=21793 host=Noutbuk-Dmitrij.local run=b67d6615d7cf
pid=9041 host=Noutbuk-Dmitrij.local run=126d2ebb15da
pid=9516 host=Noutbuk-Dmitrij.local run=10081a429534
pid=10096 host=Noutbuk-Dmitrij.local run=5bab28c5d2f7
pid=10346 host=Noutbuk-Dmitrij.local run=2adfd93e2020
pid=10444 host=Noutbuk-Dmitrij.local run=2796e2ac9306
pid=11657 host=Noutbuk-Dmitrij.local run=17053c7a861f
pid=11815 host=Noutbuk-Dmitrij.local run=26de495480bd
pid=16503 host=Noutbuk-Dmitrij.local run=d62f6ec26cec
pid=16764 host=Noutbuk-Dmitrij.local run=2130983bb97f
pid=17032 host=Noutbuk-Dmitrij.local run=1a671171b73b
pid=17820 host=Noutbuk-Dmitrij.local run=d63b8f27635d
pid=18209 host=Noutbuk-Dmitrij.local run=b45cf69579cc
pid=18576 host=Noutbuk-Dmitrij.local run=1cba99f184f9
pid=18958 host=Noutbuk-Dmitrij.local run=9453b0479012
pid=20113 host=Noutbuk-Dmitrij.local run=51e25f202a38
pid=20353 host=Noutbuk-Dmitrij.local run=609ae68fd2f3
pid=20747 host=Noutbuk-Dmitrij.local run=eb0b6f083b01
pid=21079 host=Noutbuk-Dmitrij.local run=6b2479f1879f
pid=21957 host=Noutbuk-Dmitrij.local run=b765274fcdb7
pid=22646 host=Noutbuk-Dmitrij.local run=b32d73022cbe
pid=23037 host=Noutbuk-Dmitrij.local run=352d58962c0a
pid=23107 host=Noutbuk-Dmitrij.local run=3d30765290b5
pid=27813 host=Noutbuk-Dmitrij.local run=be76cbf8a273
pid=27927 host=Noutbuk-Dmitrij.local run=79a43565085e
pid=28217 host=Noutbuk-Dmitrij.local run=361060312d0a
pid=28536 host=Noutbuk-Dmitrij.local run=4f10557f7275
pid=29133 host=Noutbuk-Dmitrij.local run=e5837fd6356e
pid=29277 host=Noutbuk-Dmitrij.local run=9c0abbfc1f2e
pid=29826 host=Noutbuk-Dmitrij.local run=4702c501cbf1
pid=30183 host=Noutbuk-Dmitrij.local run=72f0c5fa3f8e
pid=31137 host=Noutbuk-Dmitrij.local run=d6ac76f1359d
pid=31626 host=Noutbuk-Dmitrij.local run=3dcb5c514892
pid=32073 host=Noutbuk-Dmitrij.local run=64e6d2b62525
pid=32480 host=Noutbuk-Dmitrij.local run=71204f7f63ca
pid=38405 host=Noutbuk-Dmitrij.local run=05ca4b7b5397
pid=38718 host=Noutbuk-Dmitrij.local run=500e6028a68a
pid=39056 host=Noutbuk-Dmitrij.local run=3e7345fcaa49
pid=39304 host=Noutbuk-Dmitrij.local run=ca35496665a8
pid=39590 host=Noutbuk-Dmitrij.local run=e417a38c008a
pid=39818 host=Noutbuk-Dmitrij.local run=4808e0112384
pid=39934 host=Noutbuk-Dmitrij.local run=2fede9074093
pid=82030 host=Noutbuk-Dmitrij.local run=906648350039
pid=82222 host=Noutbuk-Dmitrij.local run=0a9b9d87e06b
pid=82768 host=Noutbuk-Dmitrij.local run=ef82844408f4
pid=83123 host=Noutbuk-Dmitrij.local run=2d28fa96ae2d
pid=86410 host=Noutbuk-Dmitrij.local run=ba532e9650aa
pid=86764 host=Noutbuk-Dmitrij.local run=d00cb07fd5fe
pid=95601 host=Noutbuk-Dmitrij.local run=787341cb614b
pid=96226 host=Noutbuk-Dmitrij.local run=b591abd393e5
