pid=26802 host=Noutbuk-Dmitrij.local run=5b27dfde9c01
pid=27200 host=Noutbuk-Dmitrij.local run=ab8349044de9
pid=27689 host=Noutbuk-Dmitrij.local run=c96c65318970
pid=47497 host=Noutbuk-Dmitrij.local run=8964050bd178
pid=47748 host=Noutbuk-Dmitrij.local run=43143a1e544e
pid=58194 host=Noutbuk-Dmitrij.local run=36d4f92963a7
pid=58747 host=Noutbuk-Dmitrij.local run=c0cb93b2f980
pid=58832 host=Noutbuk-Dmitrij.local run=67b031f7188f
pid=60816 host=Noutbuk-Dmitrij.local run=efdefc895333
pid=61044 host=Noutbuk-Dmitrij.local run=6cadba5cdf9c
pid=64665 host=Noutbuk-Dmitrij.local run=84c0d5ded6eb
pid=65050 host=Noutbuk-Dmitrij.local run=a7e1036d44e5
pid=66421 host=Noutbuk-Dmitrij.local run=8e58c4c8223d
pid=72117 host=Noutbuk-Dmitrij.local run=0dd874129372
pid=79266 host=Noutbuk-Dmitrij.local run=6e6f3e649f71
pid=82665 host=Noutbuk-Dmitrij.local run=b806681ea2b8
pid=86508 host=Noutbuk-Dmitrij.local run=d72e140c6f6b
pid=89907 host=Noutbuk-Dmitrij.local run=a3d625e9dfb8
pid=93823 host=Noutbuk-Dmitrij.local run=be8c6327a89e
pid=94249 host=Noutbuk-Dmitrij.local run=59cfb66e2c0b
pid=94914 host=Noutbuk-Dmitrij.local run=8de62e0409a3
pid=96687 host=Noutbuk-Dmitrij.local run=c7046faf4500
pid=97306 host=Noutbuk-Dmitrij.local run=59c775b393b2
pid=813 host=Noutbuk-Dmitrij.local run=8f1b42e14b1d
pid=4617 host=Noutbuk-Dmitrij.local run=bd5d2caf5838
pid=22151 host=Noutbuk-Dmitrij.local run=11f31248475f
pid=22799 host=Noutbuk-Dmitrij.local run=86f6d3db4fe3
pid=22975 host=Noutbuk-Dmitrij.local run=9c99a320fdc0
pid=23016 host=Noutbuk-Dmitrij.local run=038b445bf893
pid=42038 host=Noutbuk-Dmitrij.local run=ad33c2ab63ad
pid=42143 host=Noutbuk-Dmitrij.local run=3b7355c75a03
pid=42590 host=Noutbuk-Dmitrij.local run=fc7bb65a423e
pid=42846 host=Noutbuk-Dmitrij.local run=704008ed6433
pid=43865 host=Noutbuk-Dmitrij.local run=15979c77beef
pid=44265 host=Noutbuk-Dmitrij.local run=33fd89f23095
pid=44638 host=Noutbuk-Dmitrij.local run=9d1067dfbae2
pid=45468 host=Noutbuk-Dmitrij.local run=a49df5ae2a08
pid=46090 host=Noutbuk-Dmitrij.local run=c3f69565e52f
pid=46427 host=Noutbuk-Dmitrij.local run=e637f9ac8ea2
pid=46917 host=Noutbuk-Dmitrij.local run=dd11b19cda8f
pid=48126 host=Noutbuk-Dmitrij.local run=bf75acf1cd10
pid=48586 host=Noutbuk-Dmitrij.local run=824dc32bf7f4
pid=49298 host=Noutbuk-Dmitrij.local run=5d52b0656cd2
pid=49466 host=Noutbuk-Dmitrij.local run=8cf82bcc1d11
