pid=26802 host=Noutbuk-Dmitrij.local run=5b27dfde9c01
pid=27200 host=Noutbuk-Dmitrij.local run=ab8349044de9
pid=27689 host=Noutbuk-Dmitrij.local run=c96c65318970
pid=47497 host=Noutbuk-Dmitrij.local run=8964050bd178
pid=47748 host=Noutbuk-Dmitrij.local run=43143a1e544e
pid=58194 host=Noutbuk-Dmitrij.local run=36d4f92963a7
pid=58747 host=Noutbuk-Dmitrij.local run=c0cb93b2f980
pid=58832 host=Noutbuk-Dmitrij.local run=67b031f7188f
pid=60816 host=Noutbuk-Dmitrij.local run=efdefc895333
pid=61044 host=Noutbuk-Dmitrij.local run=6cadba5cdf9c
